
Microsoft Visual Studio Solution File, Format Version 12.00
# Visual Studio Version 17
VisualStudioVersion = 17.9.34622.214
MinimumVisualStudioVersion = 10.0.40219.1
Project("{FAE04EC0-301F-11D3-BF4B-00C04F79EFBC}") = "ApiCrud", "ApiCrud.csproj", "{05C4C668-40C4-4E04-B502-67EB51EBCF6A}"
EndProject
Global
	GlobalSection(SolutionConfigurationPlatforms) = preSolution
		Debug|Any CPU = Debug|Any CPU
		Release|Any CPU = Release|Any CPU
	EndGlobalSection
	GlobalSection(ProjectConfigurationPlatforms) = postSolution
		{05C4C668-40C4-4E04-B502-67EB51EBCF6A}.Debug|Any CPU.ActiveCfg = Debug|Any CPU
		{05C4C668-40C4-4E04-B502-67EB51EBCF6A}.Debug|Any CPU.Build.0 = Debug|Any CPU
		{05C4C668-40C4-4E04-B502-67EB51EBCF6A}.Release|Any CPU.ActiveCfg = Release|Any CPU
		{05C4C668-40C4-4E04-B502-67EB51EBCF6A}.Release|Any CPU.Build.0 = Release|Any CPU
	EndGlobalSection
	GlobalSection(SolutionProperties) = preSolution
		HideSolutionNode = FALSE
	EndGlobalSection
	GlobalSection(ExtensibilityGlobals) = postSolution
		SolutionGuid = {C734AE4F-3B16-42A0-ADD2-C966538D0D7F}
	EndGlobalSection
EndGlobal
